
Microsoft Visual Studio Solution File, Format Version 12.00
# Visual Studio Version 17
VisualStudioVersion = 17.8.34525.116
MinimumVisualStudioVersion = 10.0.40219.1
Project("{FAE04EC0-301F-11D3-BF4B-00C04F79EFBC}") = "FromFormBindingIssue", "FromFormBindingIssue\FromFormBindingIssue.csproj", "{55037F4D-9403-4770-8358-48685DAD0826}"
EndProject
Global
	GlobalSection(SolutionConfigurationPlatforms) = preSolution
		Debug|Any CPU = Debug|Any CPU
		Release|Any CPU = Release|Any CPU
	EndGlobalSection
	GlobalSection(ProjectConfigurationPlatforms) = postSolution
		{55037F4D-9403-4770-8358-48685DAD0826}.Debug|Any CPU.ActiveCfg = Debug|Any CPU
		{55037F4D-9403-4770-8358-48685DAD0826}.Debug|Any CPU.Build.0 = Debug|Any CPU
		{55037F4D-9403-4770-8358-48685DAD0826}.Release|Any CPU.ActiveCfg = Release|Any CPU
		{55037F4D-9403-4770-8358-48685DAD0826}.Release|Any CPU.Build.0 = Release|Any CPU
	EndGlobalSection
	GlobalSection(SolutionProperties) = preSolution
		HideSolutionNode = FALSE
	EndGlobalSection
	GlobalSection(ExtensibilityGlobals) = postSolution
		SolutionGuid = {EA2E30D1-FA24-449E-9BAC-A013E9E897D0}
	EndGlobalSection
EndGlobal
